dependencies:
- name: agent-orchestrator
  repository: file://charts/agent-orchestrator
  version: 0.1.0
- name: tool-controller
  repository: file://charts/tool-controller
  version: 0.1.0
- name: tools
  repository: file://charts/tools
  version: 0.1.0
- name: open-webui
  repository: https://helm.openwebui.com/
  version: 15.2.0
- name: nats
  repository: https://nats-io.github.io/k8s/helm/charts/
  version: 2.14.2
digest: sha256:9ec53ab3e7c04e4acf7a901175350745113744d0b1b7c0897b2214546c04aebd
generated: "2026-07-14T08:41:02.165393-07:00"
