dependencies:
- name: agent-orchestrator
  repository: file://charts/agent-orchestrator
  version: 0.2.1
- name: core-controller
  repository: file://charts/core-controller
  version: 0.1.0
- name: integration-gateway
  repository: file://charts/integration-gateway
  version: 0.1.0
- name: open-webui
  repository: https://helm.openwebui.com/
  version: 15.2.0
- name: nats
  repository: https://nats-io.github.io/k8s/helm/charts/
  version: 2.14.2
digest: sha256:15721ed349d4d24788b258b1e6441a78b872860773e1f8d693422cbc017d6e2b
generated: "2026-07-19T21:06:43.175639-07:00"
