dependencies:
- name: agent-orchestrator
  repository: file://charts/agent-orchestrator
  version: 0.1.0
- name: tool-controller
  repository: file://charts/tool-controller
  version: 0.1.0
- name: open-webui
  repository: https://helm.openwebui.com/
  version: 15.2.0
- name: nats
  repository: https://nats-io.github.io/k8s/helm/charts/
  version: 2.14.2
digest: sha256:b41ea6136f206b85445a129c227be383b667892762b1600a5a9c6cb87a827786
generated: "2026-07-17T14:48:28.319978-07:00"
