dependencies:
- name: agent-orchestrator
  repository: file://charts/agent-orchestrator
  version: 0.2.2
- name: core-controller
  repository: file://charts/core-controller
  version: 0.1.0
- name: integration-gateway
  repository: file://charts/integration-gateway
  version: 0.1.0
- name: open-webui
  repository: https://helm.openwebui.com/
  version: 15.2.0
- name: nats
  repository: https://nats-io.github.io/k8s/helm/charts/
  version: 2.14.2
digest: sha256:328c0678a640e98589cf6f96b28bc82931dffab1dbe78185e078d686dd2dbfc5
generated: "2026-07-20T06:08:05.149497-07:00"
